github.com/peterbourgon/ff/v3 v3.3.0 h1:PaKe7GW8orVFh8Unb5jNHS+JZBwWUMa2se0HM6/BI24=
github.com/peterbourgon/ff/v3 v3.3.0/go.mod h1:zjJVUhx+twciwfDl0zBcFzl4dW8axCRyXE/eKY9RztQ=
github.com/yoheimuta/go-protoparser/v4 v4.6.0 h1:uvz1e9/5Ihsm4Ku8AJeDImTpirKmIxubZdSn0QJNdnw=
github.com/yoheimuta/go-protoparser/v4 v4.6.0/go.mod h1:AHNNnSWnb0UoL4QgHPiOAg2BniQceFscPI5X/BZNHl8=
golang.org/x/mod v0.6.0 h1:b9gGHsz9/HhJ3HF5DHQytPpuwocVTChQJK3AvoLRD5I=
golang.org/x/mod v0.6.0/go.mod h1:4mET923SAdbXp2ki8ey+zGs1SLqsuM2Y0uvdZR/fUNI=
golang.org/x/sys v0.1.0 h1:kunALQeHf1/185U1i0GOB/fy1IPRDDpuoOOqRReG57U=
golang.org/x/sys v0.1.0/go.mod h1:oPkhp1MJrh7nUepCBck5+mAzfO9JrbApNNgaTdGDITg=
golang.org/x/tools v0.2.0 h1:G6AHpWxTMGY1KyEYoAQ5WTtIekUUvDNjan3ugu60JvE=
golang.org/x/tools v0.2.0/go.mod h1:y4OqIKeOV/fWJetJ8bXPU1sEVniLMIyDAZWeHdV+NTA=
